
Microsoft Visual Studio Solution File, Format Version 12.00
# Visual Studio 15
VisualStudioVersion = 15.0.28307.106
MinimumVisualStudioVersion = 10.0.40219.1
Project("{8BC9CEB8-8B4A-11D0-8D11-00A0C91BC942}") = "Sandbox", "Sandbox\Sandbox.vcxproj", "{88C82756-7199-4249-B1EC-845F6CBAD730}"
EndProject
Project("{8BC9CEB8-8B4A-11D0-8D11-00A0C91BC942}") = "Hazel", "Hazel\Hazel.vcxproj", "{98FDE9CC-048A-4A3D-921D-12FA59A10A65}"
EndProject
Global
	GlobalSection(SolutionConfigurationPlatforms) = preSolution
		Debug|x64 = Debug|x64
		Release|x64 = Release|x64
	EndGlobalSection
	GlobalSection(ProjectConfigurationPlatforms) = postSolution
		{98FDE9CC-048A-4A3D-921D-12FA59A10A65}.Debug|x64.ActiveCfg = Debug|x64
		{98FDE9CC-048A-4A3D-921D-12FA59A10A65}.Debug|x64.Build.0 = Debug|x64
		{98FDE9CC-048A-4A3D-921D-12FA59A10A65}.Release|x64.ActiveCfg = Release|x64
		{98FDE9CC-048A-4A3D-921D-12FA59A10A65}.Release|x64.Build.0 = Release|x64
		{88C82756-7199-4249-B1EC-845F6CBAD730}.Debug|x64.ActiveCfg = Debug|x64
		{88C82756-7199-4249-B1EC-845F6CBAD730}.Debug|x64.Build.0 = Debug|x64
		{88C82756-7199-4249-B1EC-845F6CBAD730}.Release|x64.ActiveCfg = Release|x64
		{88C82756-7199-4249-B1EC-845F6CBAD730}.Release|x64.Build.0 = Release|x64
	EndGlobalSection
	GlobalSection(SolutionProperties) = preSolution
		HideSolutionNode = FALSE
	EndGlobalSection
	GlobalSection(ExtensibilityGlobals) = postSolution
		SolutionGuid = {CF263801-7958-433C-83D2-21076189B3B6}
	EndGlobalSection
EndGlobal
